
Microsoft Visual Studio Solution File, Format Version 12.00
# Visual Studio Version 17
VisualStudioVersion = 17.0.32014.148
MinimumVisualStudioVersion = 10.0.40219.1
Project("{2150E333-8FDC-42A3-9474-1A3956D46DE8}") = "test", "test", "{4896C459-CECA-41EF-B54B-F1735FA8E6CC}"
EndProject
Project("{9A19103F-16F7-4668-BE54-9A1E7A4F7556}") = "TestesIntegracao", "test\TestesIntegracao\TestesIntegracao.csproj", "{F780C052-3517-4C12-8AF8-0E936B5226EB}"
EndProject
Project("{2150E333-8FDC-42A3-9474-1A3956D46DE8}") = "src", "src", "{3768BCAB-371D-4869-B5FA-6CF2C4517C4E}"
EndProject
Project("{9A19103F-16F7-4668-BE54-9A1E7A4F7556}") = "WebApi", "src\WebApi\WebApi.csproj", "{EA7564DA-7756-4BDC-9840-946E0B017F6C}"
EndProject
Project("{2150E333-8FDC-42A3-9474-1A3956D46DE8}") = "Solution Items", "Solution Items", "{783A22CE-D396-4E47-B123-10493DE08BF9}"
	ProjectSection(SolutionItems) = preProject
		.editorconfig = .editorconfig
		.gitignore = .gitignore
		README.md = README.md
	EndProjectSection
EndProject
Global
	GlobalSection(SolutionConfigurationPlatforms) = preSolution
		Debug|Any CPU = Debug|Any CPU
		Release|Any CPU = Release|Any CPU
	EndGlobalSection
	GlobalSection(ProjectConfigurationPlatforms) = postSolution
		{F780C052-3517-4C12-8AF8-0E936B5226EB}.Debug|Any CPU.ActiveCfg = Debug|Any CPU
		{F780C052-3517-4C12-8AF8-0E936B5226EB}.Debug|Any CPU.Build.0 = Debug|Any CPU
		{F780C052-3517-4C12-8AF8-0E936B5226EB}.Release|Any CPU.ActiveCfg = Release|Any CPU
		{F780C052-3517-4C12-8AF8-0E936B5226EB}.Release|Any CPU.Build.0 = Release|Any CPU
		{EA7564DA-7756-4BDC-9840-946E0B017F6C}.Debug|Any CPU.ActiveCfg = Debug|Any CPU
		{EA7564DA-7756-4BDC-9840-946E0B017F6C}.Debug|Any CPU.Build.0 = Debug|Any CPU
		{EA7564DA-7756-4BDC-9840-946E0B017F6C}.Release|Any CPU.ActiveCfg = Release|Any CPU
		{EA7564DA-7756-4BDC-9840-946E0B017F6C}.Release|Any CPU.Build.0 = Release|Any CPU
	EndGlobalSection
	GlobalSection(SolutionProperties) = preSolution
		HideSolutionNode = FALSE
	EndGlobalSection
	GlobalSection(NestedProjects) = preSolution
		{F780C052-3517-4C12-8AF8-0E936B5226EB} = {4896C459-CECA-41EF-B54B-F1735FA8E6CC}
		{EA7564DA-7756-4BDC-9840-946E0B017F6C} = {3768BCAB-371D-4869-B5FA-6CF2C4517C4E}
	EndGlobalSection
	GlobalSection(ExtensibilityGlobals) = postSolution
		SolutionGuid = {66E9F320-FC1A-435A-AB8C-C0D31A7042DD}
	EndGlobalSection
EndGlobal
